
Microsoft Visual Studio Solution File, Format Version 12.00
# Visual Studio 14
VisualStudioVersion = 14.0.24720.0
MinimumVisualStudioVersion = 10.0.40219.1
Project("{FAE04EC0-301F-11D3-BF4B-00C04F79EFBC}") = "Core", "Core\Core.csproj", "{4DE5C331-B873-423D-80DD-8C946E41A538}"
EndProject
Project("{FAE04EC0-301F-11D3-BF4B-00C04F79EFBC}") = "Bai.Benchmark.Dp", "Bai.Benchmark.Dp\Bai.Benchmark.Dp.csproj", "{95C4AD83-9C30-4BE8-BC1C-EB8CD62A786D}"
EndProject
Project("{FAE04EC0-301F-11D3-BF4B-00C04F79EFBC}") = "Bai.Benchmark.Sb", "Bai.Benchmark.Sb\Bai.Benchmark.Sb.csproj", "{5E3EE950-A70F-4143-936F-F090E075323A}"
EndProject
Project("{FAE04EC0-301F-11D3-BF4B-00C04F79EFBC}") = "Bai.Pulse.Sb", "Bai.Pulse.Sb\Bai.Pulse.Sb.csproj", "{A18DFC80-F1DD-4541-AB2E-E2B4839E48B6}"
EndProject
Project("{FAE04EC0-301F-11D3-BF4B-00C04F79EFBC}") = "Bai.Pulse.Sb.Monthly", "Bai.Pulse.Sb.Monthly\Bai.Pulse.Sb.Monthly.csproj", "{F6A3DFCC-B03F-417B-AB06-F3423B97D0F2}"
EndProject
Project("{FAE04EC0-301F-11D3-BF4B-00C04F79EFBC}") = "Bai.Pulse.Sb.Weekly", "Bai.Pulse.Sb.Weekly\Bai.Pulse.Sb.Weekly.csproj", "{E569F354-3F15-402B-9090-BE1D21C4C920}"
EndProject
Project("{FAE04EC0-301F-11D3-BF4B-00C04F79EFBC}") = "Novantas.SaleScape.Dr", "Novantas.SaleScape.Dr\Novantas.SaleScape.Dr.csproj", "{BF206B46-8AD2-4CF8-B6E7-2AF04084A113}"
EndProject
Project("{FAE04EC0-301F-11D3-BF4B-00C04F79EFBC}") = "ImportFiles", "ImportFiles\ImportFiles.csproj", "{84A6DC05-4385-447F-86E8-D5DB473EA010}"
EndProject
Project("{FAE04EC0-301F-11D3-BF4B-00C04F79EFBC}") = "Argus.Cd", "Argus.Cd\Argus.Cd.csproj", "{4F067FCE-55F6-4239-99E7-5E160CF7DE53}"
EndProject
Project("{FAE04EC0-301F-11D3-BF4B-00C04F79EFBC}") = "Bai.Pulse.Sb.Monthly2", "Bai.Pulse.Sb.Monthly2\Bai.Pulse.Sb.Monthly2.csproj", "{FF5C6EEC-8166-4296-A4F7-493671A7050B}"
EndProject
Project("{FAE04EC0-301F-11D3-BF4B-00C04F79EFBC}") = "Argus.Consumer", "Argus.Consumer\Argus.Consumer.csproj", "{5FD33668-E4B3-4B60-87BC-4D351203AC7F}"
EndProject
Project("{FAE04EC0-301F-11D3-BF4B-00C04F79EFBC}") = "Tests", "Tests\Tests.csproj", "{64C9C52B-EB21-40FB-AFA0-91A385BE2265}"
EndProject
Global
	GlobalSection(SolutionConfigurationPlatforms) = preSolution
		Debug|Any CPU = Debug|Any CPU
		Release|Any CPU = Release|Any CPU
	EndGlobalSection
	GlobalSection(ProjectConfigurationPlatforms) = postSolution
		{4DE5C331-B873-423D-80DD-8C946E41A538}.Debug|Any CPU.ActiveCfg = Debug|Any CPU
		{4DE5C331-B873-423D-80DD-8C946E41A538}.Debug|Any CPU.Build.0 = Debug|Any CPU
		{4DE5C331-B873-423D-80DD-8C946E41A538}.Release|Any CPU.ActiveCfg = Release|Any CPU
		{4DE5C331-B873-423D-80DD-8C946E41A538}.Release|Any CPU.Build.0 = Release|Any CPU
		{95C4AD83-9C30-4BE8-BC1C-EB8CD62A786D}.Debug|Any CPU.ActiveCfg = Debug|Any CPU
		{95C4AD83-9C30-4BE8-BC1C-EB8CD62A786D}.Debug|Any CPU.Build.0 = Debug|Any CPU
		{95C4AD83-9C30-4BE8-BC1C-EB8CD62A786D}.Release|Any CPU.ActiveCfg = Release|Any CPU
		{95C4AD83-9C30-4BE8-BC1C-EB8CD62A786D}.Release|Any CPU.Build.0 = Release|Any CPU
		{5E3EE950-A70F-4143-936F-F090E075323A}.Debug|Any CPU.ActiveCfg = Debug|Any CPU
		{5E3EE950-A70F-4143-936F-F090E075323A}.Debug|Any CPU.Build.0 = Debug|Any CPU
		{5E3EE950-A70F-4143-936F-F090E075323A}.Release|Any CPU.ActiveCfg = Release|Any CPU
		{5E3EE950-A70F-4143-936F-F090E075323A}.Release|Any CPU.Build.0 = Release|Any CPU
		{A18DFC80-F1DD-4541-AB2E-E2B4839E48B6}.Debug|Any CPU.ActiveCfg = Debug|Any CPU
		{A18DFC80-F1DD-4541-AB2E-E2B4839E48B6}.Debug|Any CPU.Build.0 = Debug|Any CPU
		{A18DFC80-F1DD-4541-AB2E-E2B4839E48B6}.Release|Any CPU.ActiveCfg = Release|Any CPU
		{A18DFC80-F1DD-4541-AB2E-E2B4839E48B6}.Release|Any CPU.Build.0 = Release|Any CPU
		{F6A3DFCC-B03F-417B-AB06-F3423B97D0F2}.Debug|Any CPU.ActiveCfg = Debug|Any CPU
		{F6A3DFCC-B03F-417B-AB06-F3423B97D0F2}.Debug|Any CPU.Build.0 = Debug|Any CPU
		{F6A3DFCC-B03F-417B-AB06-F3423B97D0F2}.Release|Any CPU.ActiveCfg = Release|Any CPU
		{F6A3DFCC-B03F-417B-AB06-F3423B97D0F2}.Release|Any CPU.Build.0 = Release|Any CPU
		{E569F354-3F15-402B-9090-BE1D21C4C920}.Debug|Any CPU.ActiveCfg = Debug|Any CPU
		{E569F354-3F15-402B-9090-BE1D21C4C920}.Debug|Any CPU.Build.0 = Debug|Any CPU
		{E569F354-3F15-402B-9090-BE1D21C4C920}.Release|Any CPU.ActiveCfg = Release|Any CPU
		{E569F354-3F15-402B-9090-BE1D21C4C920}.Release|Any CPU.Build.0 = Release|Any CPU
		{BF206B46-8AD2-4CF8-B6E7-2AF04084A113}.Debug|Any CPU.ActiveCfg = Debug|Any CPU
		{BF206B46-8AD2-4CF8-B6E7-2AF04084A113}.Debug|Any CPU.Build.0 = Debug|Any CPU
		{BF206B46-8AD2-4CF8-B6E7-2AF04084A113}.Release|Any CPU.ActiveCfg = Release|Any CPU
		{BF206B46-8AD2-4CF8-B6E7-2AF04084A113}.Release|Any CPU.Build.0 = Release|Any CPU
		{84A6DC05-4385-447F-86E8-D5DB473EA010}.Debug|Any CPU.ActiveCfg = Debug|Any CPU
		{84A6DC05-4385-447F-86E8-D5DB473EA010}.Debug|Any CPU.Build.0 = Debug|Any CPU
		{84A6DC05-4385-447F-86E8-D5DB473EA010}.Release|Any CPU.ActiveCfg = Release|Any CPU
		{84A6DC05-4385-447F-86E8-D5DB473EA010}.Release|Any CPU.Build.0 = Release|Any CPU
		{4F067FCE-55F6-4239-99E7-5E160CF7DE53}.Debug|Any CPU.ActiveCfg = Debug|Any CPU
		{4F067FCE-55F6-4239-99E7-5E160CF7DE53}.Debug|Any CPU.Build.0 = Debug|Any CPU
		{4F067FCE-55F6-4239-99E7-5E160CF7DE53}.Release|Any CPU.ActiveCfg = Release|Any CPU
		{4F067FCE-55F6-4239-99E7-5E160CF7DE53}.Release|Any CPU.Build.0 = Release|Any CPU
		{FF5C6EEC-8166-4296-A4F7-493671A7050B}.Debug|Any CPU.ActiveCfg = Debug|Any CPU
		{FF5C6EEC-8166-4296-A4F7-493671A7050B}.Debug|Any CPU.Build.0 = Debug|Any CPU
		{FF5C6EEC-8166-4296-A4F7-493671A7050B}.Release|Any CPU.ActiveCfg = Release|Any CPU
		{FF5C6EEC-8166-4296-A4F7-493671A7050B}.Release|Any CPU.Build.0 = Release|Any CPU
		{5FD33668-E4B3-4B60-87BC-4D351203AC7F}.Debug|Any CPU.ActiveCfg = Debug|Any CPU
		{5FD33668-E4B3-4B60-87BC-4D351203AC7F}.Debug|Any CPU.Build.0 = Debug|Any CPU
		{5FD33668-E4B3-4B60-87BC-4D351203AC7F}.Release|Any CPU.ActiveCfg = Release|Any CPU
		{5FD33668-E4B3-4B60-87BC-4D351203AC7F}.Release|Any CPU.Build.0 = Release|Any CPU
		{64C9C52B-EB21-40FB-AFA0-91A385BE2265}.Debug|Any CPU.ActiveCfg = Debug|Any CPU
		{64C9C52B-EB21-40FB-AFA0-91A385BE2265}.Debug|Any CPU.Build.0 = Debug|Any CPU
		{64C9C52B-EB21-40FB-AFA0-91A385BE2265}.Release|Any CPU.ActiveCfg = Release|Any CPU
		{64C9C52B-EB21-40FB-AFA0-91A385BE2265}.Release|Any CPU.Build.0 = Release|Any CPU
	EndGlobalSection
	GlobalSection(SolutionProperties) = preSolution
		HideSolutionNode = FALSE
	EndGlobalSection
EndGlobal
